
Microsoft Visual Studio Solution File, Format Version 12.00
# Visual Studio Version 18
VisualStudioVersion = 18.0.11222.15
MinimumVisualStudioVersion = 10.0.40219.1
Project("{FAE04EC0-301F-11D3-BF4B-00C04F79EFBC}") = "Microsoft.Teams.Api", "..\Libraries\Microsoft.Teams.Api\Microsoft.Teams.Api.csproj", "{39FDB378-FD2F-D78B-E38F-5FC77EC9AC35}"
EndProject
Project("{FAE04EC0-301F-11D3-BF4B-00C04F79EFBC}") = "Microsoft.Teams.Cards", "..\Libraries\Microsoft.Teams.Cards\Microsoft.Teams.Cards.csproj", "{1578CD4A-F538-7FE3-C77F-D09E53A1B481}"
EndProject
Project("{FAE04EC0-301F-11D3-BF4B-00C04F79EFBC}") = "Microsoft.Bot.Core", "Microsoft.Bot.Core\Microsoft.Bot.Core.csproj", "{C06FC595-FEE2-0E38-D6D9-D11A5DC53FD5}"
EndProject
Project("{FAE04EC0-301F-11D3-BF4B-00C04F79EFBC}") = "Microsoft.Teams.Apps", "..\Libraries\Microsoft.Teams.Apps\Microsoft.Teams.Apps.csproj", "{C8FFD0DB-EE20-2F02-7D46-511DB9A46FF9}"
EndProject
Project("{FAE04EC0-301F-11D3-BF4B-00C04F79EFBC}") = "echo", "echo\echo.csproj", "{DCDDBFCA-BE54-48FC-BE51-C1E1B8F95C32}"
EndProject
Project("{2150E333-8FDC-42A3-9474-1A3956D46DE8}") = "Solution Items", "Solution Items", "{508F7DDD-0925-426A-A5BC-1A71F7E0978A}"
	ProjectSection(SolutionItems) = preProject
		..\Libraries\Directory.Build.props = ..\Libraries\Directory.Build.props
	EndProjectSection
EndProject
Project("{FAE04EC0-301F-11D3-BF4B-00C04F79EFBC}") = "Microsoft.Teams.Api.Tests", "..\Tests\Microsoft.Teams.Api.Tests\Microsoft.Teams.Api.Tests.csproj", "{9FBADA7F-BAAB-3D20-C73A-9472DEC56D37}"
EndProject
Global
	GlobalSection(SolutionConfigurationPlatforms) = preSolution
		Debug|Any CPU = Debug|Any CPU
		Release|Any CPU = Release|Any CPU
	EndGlobalSection
	GlobalSection(ProjectConfigurationPlatforms) = postSolution
		{39FDB378-FD2F-D78B-E38F-5FC77EC9AC35}.Debug|Any CPU.ActiveCfg = Debug|Any CPU
		{39FDB378-FD2F-D78B-E38F-5FC77EC9AC35}.Debug|Any CPU.Build.0 = Debug|Any CPU
		{39FDB378-FD2F-D78B-E38F-5FC77EC9AC35}.Release|Any CPU.ActiveCfg = Release|Any CPU
		{39FDB378-FD2F-D78B-E38F-5FC77EC9AC35}.Release|Any CPU.Build.0 = Release|Any CPU
		{1578CD4A-F538-7FE3-C77F-D09E53A1B481}.Debug|Any CPU.ActiveCfg = Debug|Any CPU
		{1578CD4A-F538-7FE3-C77F-D09E53A1B481}.Debug|Any CPU.Build.0 = Debug|Any CPU
		{1578CD4A-F538-7FE3-C77F-D09E53A1B481}.Release|Any CPU.ActiveCfg = Release|Any CPU
		{1578CD4A-F538-7FE3-C77F-D09E53A1B481}.Release|Any CPU.Build.0 = Release|Any CPU
		{C06FC595-FEE2-0E38-D6D9-D11A5DC53FD5}.Debug|Any CPU.ActiveCfg = Debug|Any CPU
		{C06FC595-FEE2-0E38-D6D9-D11A5DC53FD5}.Debug|Any CPU.Build.0 = Debug|Any CPU
		{C06FC595-FEE2-0E38-D6D9-D11A5DC53FD5}.Release|Any CPU.ActiveCfg = Release|Any CPU
		{C06FC595-FEE2-0E38-D6D9-D11A5DC53FD5}.Release|Any CPU.Build.0 = Release|Any CPU
		{C8FFD0DB-EE20-2F02-7D46-511DB9A46FF9}.Debug|Any CPU.ActiveCfg = Debug|Any CPU
		{C8FFD0DB-EE20-2F02-7D46-511DB9A46FF9}.Debug|Any CPU.Build.0 = Debug|Any CPU
		{C8FFD0DB-EE20-2F02-7D46-511DB9A46FF9}.Release|Any CPU.ActiveCfg = Release|Any CPU
		{C8FFD0DB-EE20-2F02-7D46-511DB9A46FF9}.Release|Any CPU.Build.0 = Release|Any CPU
		{DCDDBFCA-BE54-48FC-BE51-C1E1B8F95C32}.Debug|Any CPU.ActiveCfg = Debug|Any CPU
		{DCDDBFCA-BE54-48FC-BE51-C1E1B8F95C32}.Debug|Any CPU.Build.0 = Debug|Any CPU
		{DCDDBFCA-BE54-48FC-BE51-C1E1B8F95C32}.Release|Any CPU.ActiveCfg = Release|Any CPU
		{DCDDBFCA-BE54-48FC-BE51-C1E1B8F95C32}.Release|Any CPU.Build.0 = Release|Any CPU
		{9FBADA7F-BAAB-3D20-C73A-9472DEC56D37}.Debug|Any CPU.ActiveCfg = Debug|Any CPU
		{9FBADA7F-BAAB-3D20-C73A-9472DEC56D37}.Debug|Any CPU.Build.0 = Debug|Any CPU
		{9FBADA7F-BAAB-3D20-C73A-9472DEC56D37}.Release|Any CPU.ActiveCfg = Release|Any CPU
		{9FBADA7F-BAAB-3D20-C73A-9472DEC56D37}.Release|Any CPU.Build.0 = Release|Any CPU
	EndGlobalSection
	GlobalSection(SolutionProperties) = preSolution
		HideSolutionNode = FALSE
	EndGlobalSection
	GlobalSection(ExtensibilityGlobals) = postSolution
		SolutionGuid = {A390E3DE-8AA1-46CE-86FC-2ED12DB0815D}
	EndGlobalSection
EndGlobal
