
Microsoft Visual Studio Solution File, Format Version 12.00
# Visual Studio Version 17
VisualStudioVersion = 17.0.31903.59
MinimumVisualStudioVersion = 10.0.40219.1
Project("{2150E333-8FDC-42A3-9474-1A3956D46DE8}") = "Libraries", "Libraries", "{809F86A1-1C4C-B159-0CD4-DF9D33D876CE}"
EndProject
Project("{FAE04EC0-301F-11D3-BF4B-00C04F79EFBC}") = "Microsoft.Teams.Api", "Libraries\Microsoft.Teams.Api\Microsoft.Teams.Api.csproj", "{78028C98-0220-4814-9A85-89901B8A1048}"
EndProject
Project("{FAE04EC0-301F-11D3-BF4B-00C04F79EFBC}") = "Microsoft.Teams.Apps", "Libraries\Microsoft.Teams.Apps\Microsoft.Teams.Apps.csproj", "{070EFFBA-F6B9-4A54-837A-2FA113C3B1A5}"
EndProject
Project("{FAE04EC0-301F-11D3-BF4B-00C04F79EFBC}") = "Microsoft.Teams.Common", "Libraries\Microsoft.Teams.Common\Microsoft.Teams.Common.csproj", "{3F857491-5BC5-43DF-9532-1801189BDA80}"
EndProject
Project("{2150E333-8FDC-42A3-9474-1A3956D46DE8}") = "Tests", "Tests", "{0AB3BF05-4346-4AA6-1389-037BE0695223}"
EndProject
Project("{FAE04EC0-301F-11D3-BF4B-00C04F79EFBC}") = "Microsoft.Teams.Api.Tests", "Tests\Microsoft.Teams.Api.Tests\Microsoft.Teams.Api.Tests.csproj", "{87DE10ED-682F-4DD4-A95E-17D5BACAFB07}"
EndProject
Project("{FAE04EC0-301F-11D3-BF4B-00C04F79EFBC}") = "Microsoft.Teams.Common.Tests", "Tests\Microsoft.Teams.Common.Tests\Microsoft.Teams.Common.Tests.csproj", "{9BADB398-949B-4D25-BF97-4A629F0D8EC9}"
EndProject
Project("{2150E333-8FDC-42A3-9474-1A3956D46DE8}") = "Samples", "Samples", "{5D20AA90-6969-D8BD-9DCD-8634F4692FDA}"
EndProject
Project("{FAE04EC0-301F-11D3-BF4B-00C04F79EFBC}") = "Samples.Echo", "Samples\Samples.Echo\Samples.Echo.csproj", "{B7230B40-AE25-435A-87F6-0472826B0C70}"
EndProject
Project("{FAE04EC0-301F-11D3-BF4B-00C04F79EFBC}") = "Microsoft.Teams.Plugins.AspNetCore", "Libraries\Microsoft.Teams.Plugins\Microsoft.Teams.Plugins.AspNetCore\Microsoft.Teams.Plugins.AspNetCore.csproj", "{638D92D5-351E-443C-B9B0-4FC2E8F86702}"
EndProject
Project("{FAE04EC0-301F-11D3-BF4B-00C04F79EFBC}") = "Microsoft.Teams.Cards", "Libraries\Microsoft.Teams.Cards\Microsoft.Teams.Cards.csproj", "{C4D77769-EEC3-429D-B9B3-0C3B6B32FAA5}"
EndProject
Project("{FAE04EC0-301F-11D3-BF4B-00C04F79EFBC}") = "Samples.Auth", "Samples\Samples.Auth\Samples.Auth.csproj", "{596A87F7-4BD9-42A7-9C20-2FD1CF9676CA}"
EndProject
Project("{FAE04EC0-301F-11D3-BF4B-00C04F79EFBC}") = "Microsoft.Teams.AI", "Libraries\Microsoft.Teams.AI\Microsoft.Teams.AI.csproj", "{384D1962-D3F9-4E26-8FCB-4D25B09CB7FC}"
EndProject
Project("{FAE04EC0-301F-11D3-BF4B-00C04F79EFBC}") = "Microsoft.Teams.AI.Models.OpenAI", "Libraries\Microsoft.Teams.AI.Models.OpenAI\Microsoft.Teams.AI.Models.OpenAI.csproj", "{30610777-9335-4A4C-8514-09398E57C6BD}"
EndProject
Project("{FAE04EC0-301F-11D3-BF4B-00C04F79EFBC}") = "Samples.Lights", "Samples\Samples.Lights\Samples.Lights.csproj", "{7D3D8D5D-5F8C-45FD-AA6C-DC4FC810DE42}"
EndProject
Project("{FAE04EC0-301F-11D3-BF4B-00C04F79EFBC}") = "Microsoft.Teams.Plugins.AspNetCore.DevTools", "Libraries\Microsoft.Teams.Plugins\Microsoft.Teams.Plugins.AspNetCore.DevTools\Microsoft.Teams.Plugins.AspNetCore.DevTools.csproj", "{15D7A915-DD11-40BF-811B-C97B2C963785}"
EndProject
Project("{FAE04EC0-301F-11D3-BF4B-00C04F79EFBC}") = "Samples.Mcp", "Samples\Samples.Mcp\Samples.Mcp.csproj", "{8E6AA215-43B1-4519-A554-A6642586E7A6}"
EndProject
Project("{2150E333-8FDC-42A3-9474-1A3956D46DE8}") = "Microsoft.Teams.Plugins", "Microsoft.Teams.Plugins", "{F2D7E877-38D6-8C91-7D90-99648DD298BA}"
EndProject
Project("{2150E333-8FDC-42A3-9474-1A3956D46DE8}") = "Microsoft.Teams.Plugins.External", "Microsoft.Teams.Plugins.External", "{42F19D46-1D9C-DE55-864B-477603E3CF94}"
EndProject
Project("{FAE04EC0-301F-11D3-BF4B-00C04F79EFBC}") = "Microsoft.Teams.Plugins.External.Mcp", "Libraries\Microsoft.Teams.Plugins\Microsoft.Teams.Plugins.External\Microsoft.Teams.Plugins.External.Mcp\Microsoft.Teams.Plugins.External.Mcp.csproj", "{0E24173B-D328-4721-B0C7-D6058E10AB9E}"
EndProject
Project("{2150E333-8FDC-42A3-9474-1A3956D46DE8}") = "Microsoft.Teams.Extensions", "Microsoft.Teams.Extensions", "{E2648928-28DE-6B24-129A-26A0E8B5B70E}"
EndProject
Project("{FAE04EC0-301F-11D3-BF4B-00C04F79EFBC}") = "Microsoft.Teams.Extensions.Logging", "Libraries\Microsoft.Teams.Extensions\Microsoft.Teams.Extensions.Logging\Microsoft.Teams.Extensions.Logging.csproj", "{26E1EE2F-D04D-40C2-80A3-BB0D1D444A6D}"
EndProject
Project("{FAE04EC0-301F-11D3-BF4B-00C04F79EFBC}") = "Microsoft.Teams.Extensions.Hosting", "Libraries\Microsoft.Teams.Extensions\Microsoft.Teams.Extensions.Hosting\Microsoft.Teams.Extensions.Hosting.csproj", "{D0BF4C70-B346-47C5-96C2-AED0039F0976}"
EndProject
Project("{FAE04EC0-301F-11D3-BF4B-00C04F79EFBC}") = "Microsoft.Teams.Extensions.Configuration", "Libraries\Microsoft.Teams.Extensions\Microsoft.Teams.Extensions.Configuration\Microsoft.Teams.Extensions.Configuration.csproj", "{E1AD5351-181A-4EEC-B1F6-BF1643E5A1FA}"
EndProject
Project("{FAE04EC0-301F-11D3-BF4B-00C04F79EFBC}") = "Microsoft.Teams.Apps.Tests", "Tests\Microsoft.Teams.Apps.Tests\Microsoft.Teams.Apps.Tests.csproj", "{9251FA96-F118-4578-92A9-EBD667CE3978}"
EndProject
Project("{FAE04EC0-301F-11D3-BF4B-00C04F79EFBC}") = "Microsoft.Teams.Apps.Testing", "Libraries\Microsoft.Teams.Apps.Testing\Microsoft.Teams.Apps.Testing.csproj", "{6542E318-AF5B-4D63-B5BA-242AA48085B9}"
EndProject
Global
	GlobalSection(SolutionConfigurationPlatforms) = preSolution
		Debug|Any CPU = Debug|Any CPU
		Debug|x64 = Debug|x64
		Debug|x86 = Debug|x86
		Release|Any CPU = Release|Any CPU
		Release|x64 = Release|x64
		Release|x86 = Release|x86
	EndGlobalSection
	GlobalSection(ProjectConfigurationPlatforms) = postSolution
		{78028C98-0220-4814-9A85-89901B8A1048}.Debug|Any CPU.ActiveCfg = Debug|Any CPU
		{78028C98-0220-4814-9A85-89901B8A1048}.Debug|Any CPU.Build.0 = Debug|Any CPU
		{78028C98-0220-4814-9A85-89901B8A1048}.Debug|x64.ActiveCfg = Debug|Any CPU
		{78028C98-0220-4814-9A85-89901B8A1048}.Debug|x64.Build.0 = Debug|Any CPU
		{78028C98-0220-4814-9A85-89901B8A1048}.Debug|x86.ActiveCfg = Debug|Any CPU
		{78028C98-0220-4814-9A85-89901B8A1048}.Debug|x86.Build.0 = Debug|Any CPU
		{78028C98-0220-4814-9A85-89901B8A1048}.Release|Any CPU.ActiveCfg = Release|Any CPU
		{78028C98-0220-4814-9A85-89901B8A1048}.Release|Any CPU.Build.0 = Release|Any CPU
		{78028C98-0220-4814-9A85-89901B8A1048}.Release|x64.ActiveCfg = Release|Any CPU
		{78028C98-0220-4814-9A85-89901B8A1048}.Release|x64.Build.0 = Release|Any CPU
		{78028C98-0220-4814-9A85-89901B8A1048}.Release|x86.ActiveCfg = Release|Any CPU
		{78028C98-0220-4814-9A85-89901B8A1048}.Release|x86.Build.0 = Release|Any CPU
		{070EFFBA-F6B9-4A54-837A-2FA113C3B1A5}.Debug|Any CPU.ActiveCfg = Debug|Any CPU
		{070EFFBA-F6B9-4A54-837A-2FA113C3B1A5}.Debug|Any CPU.Build.0 = Debug|Any CPU
		{070EFFBA-F6B9-4A54-837A-2FA113C3B1A5}.Debug|x64.ActiveCfg = Debug|Any CPU
		{070EFFBA-F6B9-4A54-837A-2FA113C3B1A5}.Debug|x64.Build.0 = Debug|Any CPU
		{070EFFBA-F6B9-4A54-837A-2FA113C3B1A5}.Debug|x86.ActiveCfg = Debug|Any CPU
		{070EFFBA-F6B9-4A54-837A-2FA113C3B1A5}.Debug|x86.Build.0 = Debug|Any CPU
		{070EFFBA-F6B9-4A54-837A-2FA113C3B1A5}.Release|Any CPU.ActiveCfg = Release|Any CPU
		{070EFFBA-F6B9-4A54-837A-2FA113C3B1A5}.Release|Any CPU.Build.0 = Release|Any CPU
		{070EFFBA-F6B9-4A54-837A-2FA113C3B1A5}.Release|x64.ActiveCfg = Release|Any CPU
		{070EFFBA-F6B9-4A54-837A-2FA113C3B1A5}.Release|x64.Build.0 = Release|Any CPU
		{070EFFBA-F6B9-4A54-837A-2FA113C3B1A5}.Release|x86.ActiveCfg = Release|Any CPU
		{070EFFBA-F6B9-4A54-837A-2FA113C3B1A5}.Release|x86.Build.0 = Release|Any CPU
		{3F857491-5BC5-43DF-9532-1801189BDA80}.Debug|Any CPU.ActiveCfg = Debug|Any CPU
		{3F857491-5BC5-43DF-9532-1801189BDA80}.Debug|Any CPU.Build.0 = Debug|Any CPU
		{3F857491-5BC5-43DF-9532-1801189BDA80}.Debug|x64.ActiveCfg = Debug|Any CPU
		{3F857491-5BC5-43DF-9532-1801189BDA80}.Debug|x64.Build.0 = Debug|Any CPU
		{3F857491-5BC5-43DF-9532-1801189BDA80}.Debug|x86.ActiveCfg = Debug|Any CPU
		{3F857491-5BC5-43DF-9532-1801189BDA80}.Debug|x86.Build.0 = Debug|Any CPU
		{3F857491-5BC5-43DF-9532-1801189BDA80}.Release|Any CPU.ActiveCfg = Release|Any CPU
		{3F857491-5BC5-43DF-9532-1801189BDA80}.Release|Any CPU.Build.0 = Release|Any CPU
		{3F857491-5BC5-43DF-9532-1801189BDA80}.Release|x64.ActiveCfg = Release|Any CPU
		{3F857491-5BC5-43DF-9532-1801189BDA80}.Release|x64.Build.0 = Release|Any CPU
		{3F857491-5BC5-43DF-9532-1801189BDA80}.Release|x86.ActiveCfg = Release|Any CPU
		{3F857491-5BC5-43DF-9532-1801189BDA80}.Release|x86.Build.0 = Release|Any CPU
		{87DE10ED-682F-4DD4-A95E-17D5BACAFB07}.Debug|Any CPU.ActiveCfg = Debug|Any CPU
		{87DE10ED-682F-4DD4-A95E-17D5BACAFB07}.Debug|Any CPU.Build.0 = Debug|Any CPU
		{87DE10ED-682F-4DD4-A95E-17D5BACAFB07}.Debug|x64.ActiveCfg = Debug|Any CPU
		{87DE10ED-682F-4DD4-A95E-17D5BACAFB07}.Debug|x64.Build.0 = Debug|Any CPU
		{87DE10ED-682F-4DD4-A95E-17D5BACAFB07}.Debug|x86.ActiveCfg = Debug|Any CPU
		{87DE10ED-682F-4DD4-A95E-17D5BACAFB07}.Debug|x86.Build.0 = Debug|Any CPU
		{87DE10ED-682F-4DD4-A95E-17D5BACAFB07}.Release|Any CPU.ActiveCfg = Release|Any CPU
		{87DE10ED-682F-4DD4-A95E-17D5BACAFB07}.Release|Any CPU.Build.0 = Release|Any CPU
		{87DE10ED-682F-4DD4-A95E-17D5BACAFB07}.Release|x64.ActiveCfg = Release|Any CPU
		{87DE10ED-682F-4DD4-A95E-17D5BACAFB07}.Release|x64.Build.0 = Release|Any CPU
		{87DE10ED-682F-4DD4-A95E-17D5BACAFB07}.Release|x86.ActiveCfg = Release|Any CPU
		{87DE10ED-682F-4DD4-A95E-17D5BACAFB07}.Release|x86.Build.0 = Release|Any CPU
		{9BADB398-949B-4D25-BF97-4A629F0D8EC9}.Debug|Any CPU.ActiveCfg = Debug|Any CPU
		{9BADB398-949B-4D25-BF97-4A629F0D8EC9}.Debug|Any CPU.Build.0 = Debug|Any CPU
		{9BADB398-949B-4D25-BF97-4A629F0D8EC9}.Debug|x64.ActiveCfg = Debug|Any CPU
		{9BADB398-949B-4D25-BF97-4A629F0D8EC9}.Debug|x64.Build.0 = Debug|Any CPU
		{9BADB398-949B-4D25-BF97-4A629F0D8EC9}.Debug|x86.ActiveCfg = Debug|Any CPU
		{9BADB398-949B-4D25-BF97-4A629F0D8EC9}.Debug|x86.Build.0 = Debug|Any CPU
		{9BADB398-949B-4D25-BF97-4A629F0D8EC9}.Release|Any CPU.ActiveCfg = Release|Any CPU
		{9BADB398-949B-4D25-BF97-4A629F0D8EC9}.Release|Any CPU.Build.0 = Release|Any CPU
		{9BADB398-949B-4D25-BF97-4A629F0D8EC9}.Release|x64.ActiveCfg = Release|Any CPU
		{9BADB398-949B-4D25-BF97-4A629F0D8EC9}.Release|x64.Build.0 = Release|Any CPU
		{9BADB398-949B-4D25-BF97-4A629F0D8EC9}.Release|x86.ActiveCfg = Release|Any CPU
		{9BADB398-949B-4D25-BF97-4A629F0D8EC9}.Release|x86.Build.0 = Release|Any CPU
		{B7230B40-AE25-435A-87F6-0472826B0C70}.Debug|Any CPU.ActiveCfg = Debug|Any CPU
		{B7230B40-AE25-435A-87F6-0472826B0C70}.Debug|Any CPU.Build.0 = Debug|Any CPU
		{B7230B40-AE25-435A-87F6-0472826B0C70}.Debug|x64.ActiveCfg = Debug|Any CPU
		{B7230B40-AE25-435A-87F6-0472826B0C70}.Debug|x64.Build.0 = Debug|Any CPU
		{B7230B40-AE25-435A-87F6-0472826B0C70}.Debug|x86.ActiveCfg = Debug|Any CPU
		{B7230B40-AE25-435A-87F6-0472826B0C70}.Debug|x86.Build.0 = Debug|Any CPU
		{B7230B40-AE25-435A-87F6-0472826B0C70}.Release|Any CPU.ActiveCfg = Release|Any CPU
		{B7230B40-AE25-435A-87F6-0472826B0C70}.Release|Any CPU.Build.0 = Release|Any CPU
		{B7230B40-AE25-435A-87F6-0472826B0C70}.Release|x64.ActiveCfg = Release|Any CPU
		{B7230B40-AE25-435A-87F6-0472826B0C70}.Release|x64.Build.0 = Release|Any CPU
		{B7230B40-AE25-435A-87F6-0472826B0C70}.Release|x86.ActiveCfg = Release|Any CPU
		{B7230B40-AE25-435A-87F6-0472826B0C70}.Release|x86.Build.0 = Release|Any CPU
		{638D92D5-351E-443C-B9B0-4FC2E8F86702}.Debug|Any CPU.ActiveCfg = Debug|Any CPU
		{638D92D5-351E-443C-B9B0-4FC2E8F86702}.Debug|Any CPU.Build.0 = Debug|Any CPU
		{638D92D5-351E-443C-B9B0-4FC2E8F86702}.Debug|x64.ActiveCfg = Debug|Any CPU
		{638D92D5-351E-443C-B9B0-4FC2E8F86702}.Debug|x64.Build.0 = Debug|Any CPU
		{638D92D5-351E-443C-B9B0-4FC2E8F86702}.Debug|x86.ActiveCfg = Debug|Any CPU
		{638D92D5-351E-443C-B9B0-4FC2E8F86702}.Debug|x86.Build.0 = Debug|Any CPU
		{638D92D5-351E-443C-B9B0-4FC2E8F86702}.Release|Any CPU.ActiveCfg = Release|Any CPU
		{638D92D5-351E-443C-B9B0-4FC2E8F86702}.Release|Any CPU.Build.0 = Release|Any CPU
		{638D92D5-351E-443C-B9B0-4FC2E8F86702}.Release|x64.ActiveCfg = Release|Any CPU
		{638D92D5-351E-443C-B9B0-4FC2E8F86702}.Release|x64.Build.0 = Release|Any CPU
		{638D92D5-351E-443C-B9B0-4FC2E8F86702}.Release|x86.ActiveCfg = Release|Any CPU
		{638D92D5-351E-443C-B9B0-4FC2E8F86702}.Release|x86.Build.0 = Release|Any CPU
		{C4D77769-EEC3-429D-B9B3-0C3B6B32FAA5}.Debug|Any CPU.ActiveCfg = Debug|Any CPU
		{C4D77769-EEC3-429D-B9B3-0C3B6B32FAA5}.Debug|Any CPU.Build.0 = Debug|Any CPU
		{C4D77769-EEC3-429D-B9B3-0C3B6B32FAA5}.Debug|x64.ActiveCfg = Debug|Any CPU
		{C4D77769-EEC3-429D-B9B3-0C3B6B32FAA5}.Debug|x64.Build.0 = Debug|Any CPU
		{C4D77769-EEC3-429D-B9B3-0C3B6B32FAA5}.Debug|x86.ActiveCfg = Debug|Any CPU
		{C4D77769-EEC3-429D-B9B3-0C3B6B32FAA5}.Debug|x86.Build.0 = Debug|Any CPU
		{C4D77769-EEC3-429D-B9B3-0C3B6B32FAA5}.Release|Any CPU.ActiveCfg = Release|Any CPU
		{C4D77769-EEC3-429D-B9B3-0C3B6B32FAA5}.Release|Any CPU.Build.0 = Release|Any CPU
		{C4D77769-EEC3-429D-B9B3-0C3B6B32FAA5}.Release|x64.ActiveCfg = Release|Any CPU
		{C4D77769-EEC3-429D-B9B3-0C3B6B32FAA5}.Release|x64.Build.0 = Release|Any CPU
		{C4D77769-EEC3-429D-B9B3-0C3B6B32FAA5}.Release|x86.ActiveCfg = Release|Any CPU
		{C4D77769-EEC3-429D-B9B3-0C3B6B32FAA5}.Release|x86.Build.0 = Release|Any CPU
		{596A87F7-4BD9-42A7-9C20-2FD1CF9676CA}.Debug|Any CPU.ActiveCfg = Debug|Any CPU
		{596A87F7-4BD9-42A7-9C20-2FD1CF9676CA}.Debug|Any CPU.Build.0 = Debug|Any CPU
		{596A87F7-4BD9-42A7-9C20-2FD1CF9676CA}.Debug|x64.ActiveCfg = Debug|Any CPU
		{596A87F7-4BD9-42A7-9C20-2FD1CF9676CA}.Debug|x64.Build.0 = Debug|Any CPU
		{596A87F7-4BD9-42A7-9C20-2FD1CF9676CA}.Debug|x86.ActiveCfg = Debug|Any CPU
		{596A87F7-4BD9-42A7-9C20-2FD1CF9676CA}.Debug|x86.Build.0 = Debug|Any CPU
		{596A87F7-4BD9-42A7-9C20-2FD1CF9676CA}.Release|Any CPU.ActiveCfg = Release|Any CPU
		{596A87F7-4BD9-42A7-9C20-2FD1CF9676CA}.Release|Any CPU.Build.0 = Release|Any CPU
		{596A87F7-4BD9-42A7-9C20-2FD1CF9676CA}.Release|x64.ActiveCfg = Release|Any CPU
		{596A87F7-4BD9-42A7-9C20-2FD1CF9676CA}.Release|x64.Build.0 = Release|Any CPU
		{596A87F7-4BD9-42A7-9C20-2FD1CF9676CA}.Release|x86.ActiveCfg = Release|Any CPU
		{596A87F7-4BD9-42A7-9C20-2FD1CF9676CA}.Release|x86.Build.0 = Release|Any CPU
		{384D1962-D3F9-4E26-8FCB-4D25B09CB7FC}.Debug|Any CPU.ActiveCfg = Debug|Any CPU
		{384D1962-D3F9-4E26-8FCB-4D25B09CB7FC}.Debug|Any CPU.Build.0 = Debug|Any CPU
		{384D1962-D3F9-4E26-8FCB-4D25B09CB7FC}.Debug|x64.ActiveCfg = Debug|Any CPU
		{384D1962-D3F9-4E26-8FCB-4D25B09CB7FC}.Debug|x64.Build.0 = Debug|Any CPU
		{384D1962-D3F9-4E26-8FCB-4D25B09CB7FC}.Debug|x86.ActiveCfg = Debug|Any CPU
		{384D1962-D3F9-4E26-8FCB-4D25B09CB7FC}.Debug|x86.Build.0 = Debug|Any CPU
		{384D1962-D3F9-4E26-8FCB-4D25B09CB7FC}.Release|Any CPU.ActiveCfg = Release|Any CPU
		{384D1962-D3F9-4E26-8FCB-4D25B09CB7FC}.Release|Any CPU.Build.0 = Release|Any CPU
		{384D1962-D3F9-4E26-8FCB-4D25B09CB7FC}.Release|x64.ActiveCfg = Release|Any CPU
		{384D1962-D3F9-4E26-8FCB-4D25B09CB7FC}.Release|x64.Build.0 = Release|Any CPU
		{384D1962-D3F9-4E26-8FCB-4D25B09CB7FC}.Release|x86.ActiveCfg = Release|Any CPU
		{384D1962-D3F9-4E26-8FCB-4D25B09CB7FC}.Release|x86.Build.0 = Release|Any CPU
		{30610777-9335-4A4C-8514-09398E57C6BD}.Debug|Any CPU.ActiveCfg = Debug|Any CPU
		{30610777-9335-4A4C-8514-09398E57C6BD}.Debug|Any CPU.Build.0 = Debug|Any CPU
		{30610777-9335-4A4C-8514-09398E57C6BD}.Debug|x64.ActiveCfg = Debug|Any CPU
		{30610777-9335-4A4C-8514-09398E57C6BD}.Debug|x64.Build.0 = Debug|Any CPU
		{30610777-9335-4A4C-8514-09398E57C6BD}.Debug|x86.ActiveCfg = Debug|Any CPU
		{30610777-9335-4A4C-8514-09398E57C6BD}.Debug|x86.Build.0 = Debug|Any CPU
		{30610777-9335-4A4C-8514-09398E57C6BD}.Release|Any CPU.ActiveCfg = Release|Any CPU
		{30610777-9335-4A4C-8514-09398E57C6BD}.Release|Any CPU.Build.0 = Release|Any CPU
		{30610777-9335-4A4C-8514-09398E57C6BD}.Release|x64.ActiveCfg = Release|Any CPU
		{30610777-9335-4A4C-8514-09398E57C6BD}.Release|x64.Build.0 = Release|Any CPU
		{30610777-9335-4A4C-8514-09398E57C6BD}.Release|x86.ActiveCfg = Release|Any CPU
		{30610777-9335-4A4C-8514-09398E57C6BD}.Release|x86.Build.0 = Release|Any CPU
		{7D3D8D5D-5F8C-45FD-AA6C-DC4FC810DE42}.Debug|Any CPU.ActiveCfg = Debug|Any CPU
		{7D3D8D5D-5F8C-45FD-AA6C-DC4FC810DE42}.Debug|Any CPU.Build.0 = Debug|Any CPU
		{7D3D8D5D-5F8C-45FD-AA6C-DC4FC810DE42}.Debug|x64.ActiveCfg = Debug|Any CPU
		{7D3D8D5D-5F8C-45FD-AA6C-DC4FC810DE42}.Debug|x64.Build.0 = Debug|Any CPU
		{7D3D8D5D-5F8C-45FD-AA6C-DC4FC810DE42}.Debug|x86.ActiveCfg = Debug|Any CPU
		{7D3D8D5D-5F8C-45FD-AA6C-DC4FC810DE42}.Debug|x86.Build.0 = Debug|Any CPU
		{7D3D8D5D-5F8C-45FD-AA6C-DC4FC810DE42}.Release|Any CPU.ActiveCfg = Release|Any CPU
		{7D3D8D5D-5F8C-45FD-AA6C-DC4FC810DE42}.Release|Any CPU.Build.0 = Release|Any CPU
		{7D3D8D5D-5F8C-45FD-AA6C-DC4FC810DE42}.Release|x64.ActiveCfg = Release|Any CPU
		{7D3D8D5D-5F8C-45FD-AA6C-DC4FC810DE42}.Release|x64.Build.0 = Release|Any CPU
		{7D3D8D5D-5F8C-45FD-AA6C-DC4FC810DE42}.Release|x86.ActiveCfg = Release|Any CPU
		{7D3D8D5D-5F8C-45FD-AA6C-DC4FC810DE42}.Release|x86.Build.0 = Release|Any CPU
		{15D7A915-DD11-40BF-811B-C97B2C963785}.Debug|Any CPU.ActiveCfg = Debug|Any CPU
		{15D7A915-DD11-40BF-811B-C97B2C963785}.Debug|Any CPU.Build.0 = Debug|Any CPU
		{15D7A915-DD11-40BF-811B-C97B2C963785}.Debug|x64.ActiveCfg = Debug|Any CPU
		{15D7A915-DD11-40BF-811B-C97B2C963785}.Debug|x64.Build.0 = Debug|Any CPU
		{15D7A915-DD11-40BF-811B-C97B2C963785}.Debug|x86.ActiveCfg = Debug|Any CPU
		{15D7A915-DD11-40BF-811B-C97B2C963785}.Debug|x86.Build.0 = Debug|Any CPU
		{15D7A915-DD11-40BF-811B-C97B2C963785}.Release|Any CPU.ActiveCfg = Release|Any CPU
		{15D7A915-DD11-40BF-811B-C97B2C963785}.Release|Any CPU.Build.0 = Release|Any CPU
		{15D7A915-DD11-40BF-811B-C97B2C963785}.Release|x64.ActiveCfg = Release|Any CPU
		{15D7A915-DD11-40BF-811B-C97B2C963785}.Release|x64.Build.0 = Release|Any CPU
		{15D7A915-DD11-40BF-811B-C97B2C963785}.Release|x86.ActiveCfg = Release|Any CPU
		{15D7A915-DD11-40BF-811B-C97B2C963785}.Release|x86.Build.0 = Release|Any CPU
		{606E13CC-9F41-4739-8659-948D0D5A6DAC}.Debug|Any CPU.ActiveCfg = Debug|Any CPU
		{606E13CC-9F41-4739-8659-948D0D5A6DAC}.Debug|Any CPU.Build.0 = Debug|Any CPU
		{606E13CC-9F41-4739-8659-948D0D5A6DAC}.Debug|x64.ActiveCfg = Debug|Any CPU
		{606E13CC-9F41-4739-8659-948D0D5A6DAC}.Debug|x64.Build.0 = Debug|Any CPU
		{606E13CC-9F41-4739-8659-948D0D5A6DAC}.Debug|x86.ActiveCfg = Debug|Any CPU
		{606E13CC-9F41-4739-8659-948D0D5A6DAC}.Debug|x86.Build.0 = Debug|Any CPU
		{606E13CC-9F41-4739-8659-948D0D5A6DAC}.Release|Any CPU.ActiveCfg = Release|Any CPU
		{606E13CC-9F41-4739-8659-948D0D5A6DAC}.Release|Any CPU.Build.0 = Release|Any CPU
		{606E13CC-9F41-4739-8659-948D0D5A6DAC}.Release|x64.ActiveCfg = Release|Any CPU
		{606E13CC-9F41-4739-8659-948D0D5A6DAC}.Release|x64.Build.0 = Release|Any CPU
		{606E13CC-9F41-4739-8659-948D0D5A6DAC}.Release|x86.ActiveCfg = Release|Any CPU
		{606E13CC-9F41-4739-8659-948D0D5A6DAC}.Release|x86.Build.0 = Release|Any CPU
		{982F2C7D-2993-4C0E-8527-AF55CC90D47D}.Debug|Any CPU.ActiveCfg = Debug|Any CPU
		{982F2C7D-2993-4C0E-8527-AF55CC90D47D}.Debug|Any CPU.Build.0 = Debug|Any CPU
		{982F2C7D-2993-4C0E-8527-AF55CC90D47D}.Debug|x64.ActiveCfg = Debug|Any CPU
		{982F2C7D-2993-4C0E-8527-AF55CC90D47D}.Debug|x64.Build.0 = Debug|Any CPU
		{982F2C7D-2993-4C0E-8527-AF55CC90D47D}.Debug|x86.ActiveCfg = Debug|Any CPU
		{982F2C7D-2993-4C0E-8527-AF55CC90D47D}.Debug|x86.Build.0 = Debug|Any CPU
		{982F2C7D-2993-4C0E-8527-AF55CC90D47D}.Release|Any CPU.ActiveCfg = Release|Any CPU
		{982F2C7D-2993-4C0E-8527-AF55CC90D47D}.Release|Any CPU.Build.0 = Release|Any CPU
		{982F2C7D-2993-4C0E-8527-AF55CC90D47D}.Release|x64.ActiveCfg = Release|Any CPU
		{982F2C7D-2993-4C0E-8527-AF55CC90D47D}.Release|x64.Build.0 = Release|Any CPU
		{982F2C7D-2993-4C0E-8527-AF55CC90D47D}.Release|x86.ActiveCfg = Release|Any CPU
		{982F2C7D-2993-4C0E-8527-AF55CC90D47D}.Release|x86.Build.0 = Release|Any CPU
		{8E6AA215-43B1-4519-A554-A6642586E7A6}.Debug|Any CPU.ActiveCfg = Debug|Any CPU
		{8E6AA215-43B1-4519-A554-A6642586E7A6}.Debug|Any CPU.Build.0 = Debug|Any CPU
		{8E6AA215-43B1-4519-A554-A6642586E7A6}.Debug|x64.ActiveCfg = Debug|Any CPU
		{8E6AA215-43B1-4519-A554-A6642586E7A6}.Debug|x64.Build.0 = Debug|Any CPU
		{8E6AA215-43B1-4519-A554-A6642586E7A6}.Debug|x86.ActiveCfg = Debug|Any CPU
		{8E6AA215-43B1-4519-A554-A6642586E7A6}.Debug|x86.Build.0 = Debug|Any CPU
		{8E6AA215-43B1-4519-A554-A6642586E7A6}.Release|Any CPU.ActiveCfg = Release|Any CPU
		{8E6AA215-43B1-4519-A554-A6642586E7A6}.Release|Any CPU.Build.0 = Release|Any CPU
		{8E6AA215-43B1-4519-A554-A6642586E7A6}.Release|x64.ActiveCfg = Release|Any CPU
		{8E6AA215-43B1-4519-A554-A6642586E7A6}.Release|x64.Build.0 = Release|Any CPU
		{8E6AA215-43B1-4519-A554-A6642586E7A6}.Release|x86.ActiveCfg = Release|Any CPU
		{8E6AA215-43B1-4519-A554-A6642586E7A6}.Release|x86.Build.0 = Release|Any CPU
		{0E24173B-D328-4721-B0C7-D6058E10AB9E}.Debug|Any CPU.ActiveCfg = Debug|Any CPU
		{0E24173B-D328-4721-B0C7-D6058E10AB9E}.Debug|Any CPU.Build.0 = Debug|Any CPU
		{0E24173B-D328-4721-B0C7-D6058E10AB9E}.Debug|x64.ActiveCfg = Debug|Any CPU
		{0E24173B-D328-4721-B0C7-D6058E10AB9E}.Debug|x64.Build.0 = Debug|Any CPU
		{0E24173B-D328-4721-B0C7-D6058E10AB9E}.Debug|x86.ActiveCfg = Debug|Any CPU
		{0E24173B-D328-4721-B0C7-D6058E10AB9E}.Debug|x86.Build.0 = Debug|Any CPU
		{0E24173B-D328-4721-B0C7-D6058E10AB9E}.Release|Any CPU.ActiveCfg = Release|Any CPU
		{0E24173B-D328-4721-B0C7-D6058E10AB9E}.Release|Any CPU.Build.0 = Release|Any CPU
		{0E24173B-D328-4721-B0C7-D6058E10AB9E}.Release|x64.ActiveCfg = Release|Any CPU
		{0E24173B-D328-4721-B0C7-D6058E10AB9E}.Release|x64.Build.0 = Release|Any CPU
		{0E24173B-D328-4721-B0C7-D6058E10AB9E}.Release|x86.ActiveCfg = Release|Any CPU
		{0E24173B-D328-4721-B0C7-D6058E10AB9E}.Release|x86.Build.0 = Release|Any CPU
		{26E1EE2F-D04D-40C2-80A3-BB0D1D444A6D}.Debug|Any CPU.ActiveCfg = Debug|Any CPU
		{26E1EE2F-D04D-40C2-80A3-BB0D1D444A6D}.Debug|Any CPU.Build.0 = Debug|Any CPU
		{26E1EE2F-D04D-40C2-80A3-BB0D1D444A6D}.Debug|x64.ActiveCfg = Debug|Any CPU
		{26E1EE2F-D04D-40C2-80A3-BB0D1D444A6D}.Debug|x64.Build.0 = Debug|Any CPU
		{26E1EE2F-D04D-40C2-80A3-BB0D1D444A6D}.Debug|x86.ActiveCfg = Debug|Any CPU
		{26E1EE2F-D04D-40C2-80A3-BB0D1D444A6D}.Debug|x86.Build.0 = Debug|Any CPU
		{26E1EE2F-D04D-40C2-80A3-BB0D1D444A6D}.Release|Any CPU.ActiveCfg = Release|Any CPU
		{26E1EE2F-D04D-40C2-80A3-BB0D1D444A6D}.Release|Any CPU.Build.0 = Release|Any CPU
		{26E1EE2F-D04D-40C2-80A3-BB0D1D444A6D}.Release|x64.ActiveCfg = Release|Any CPU
		{26E1EE2F-D04D-40C2-80A3-BB0D1D444A6D}.Release|x64.Build.0 = Release|Any CPU
		{26E1EE2F-D04D-40C2-80A3-BB0D1D444A6D}.Release|x86.ActiveCfg = Release|Any CPU
		{26E1EE2F-D04D-40C2-80A3-BB0D1D444A6D}.Release|x86.Build.0 = Release|Any CPU
		{D0BF4C70-B346-47C5-96C2-AED0039F0976}.Debug|Any CPU.ActiveCfg = Debug|Any CPU
		{D0BF4C70-B346-47C5-96C2-AED0039F0976}.Debug|Any CPU.Build.0 = Debug|Any CPU
		{D0BF4C70-B346-47C5-96C2-AED0039F0976}.Debug|x64.ActiveCfg = Debug|Any CPU
		{D0BF4C70-B346-47C5-96C2-AED0039F0976}.Debug|x64.Build.0 = Debug|Any CPU
		{D0BF4C70-B346-47C5-96C2-AED0039F0976}.Debug|x86.ActiveCfg = Debug|Any CPU
		{D0BF4C70-B346-47C5-96C2-AED0039F0976}.Debug|x86.Build.0 = Debug|Any CPU
		{D0BF4C70-B346-47C5-96C2-AED0039F0976}.Release|Any CPU.ActiveCfg = Release|Any CPU
		{D0BF4C70-B346-47C5-96C2-AED0039F0976}.Release|Any CPU.Build.0 = Release|Any CPU
		{D0BF4C70-B346-47C5-96C2-AED0039F0976}.Release|x64.ActiveCfg = Release|Any CPU
		{D0BF4C70-B346-47C5-96C2-AED0039F0976}.Release|x64.Build.0 = Release|Any CPU
		{D0BF4C70-B346-47C5-96C2-AED0039F0976}.Release|x86.ActiveCfg = Release|Any CPU
		{D0BF4C70-B346-47C5-96C2-AED0039F0976}.Release|x86.Build.0 = Release|Any CPU
		{E1AD5351-181A-4EEC-B1F6-BF1643E5A1FA}.Debug|Any CPU.ActiveCfg = Debug|Any CPU
		{E1AD5351-181A-4EEC-B1F6-BF1643E5A1FA}.Debug|Any CPU.Build.0 = Debug|Any CPU
		{E1AD5351-181A-4EEC-B1F6-BF1643E5A1FA}.Debug|x64.ActiveCfg = Debug|Any CPU
		{E1AD5351-181A-4EEC-B1F6-BF1643E5A1FA}.Debug|x64.Build.0 = Debug|Any CPU
		{E1AD5351-181A-4EEC-B1F6-BF1643E5A1FA}.Debug|x86.ActiveCfg = Debug|Any CPU
		{E1AD5351-181A-4EEC-B1F6-BF1643E5A1FA}.Debug|x86.Build.0 = Debug|Any CPU
		{E1AD5351-181A-4EEC-B1F6-BF1643E5A1FA}.Release|Any CPU.ActiveCfg = Release|Any CPU
		{E1AD5351-181A-4EEC-B1F6-BF1643E5A1FA}.Release|Any CPU.Build.0 = Release|Any CPU
		{E1AD5351-181A-4EEC-B1F6-BF1643E5A1FA}.Release|x64.ActiveCfg = Release|Any CPU
		{E1AD5351-181A-4EEC-B1F6-BF1643E5A1FA}.Release|x64.Build.0 = Release|Any CPU
		{E1AD5351-181A-4EEC-B1F6-BF1643E5A1FA}.Release|x86.ActiveCfg = Release|Any CPU
		{E1AD5351-181A-4EEC-B1F6-BF1643E5A1FA}.Release|x86.Build.0 = Release|Any CPU
		{9251FA96-F118-4578-92A9-EBD667CE3978}.Debug|Any CPU.ActiveCfg = Debug|Any CPU
		{9251FA96-F118-4578-92A9-EBD667CE3978}.Debug|Any CPU.Build.0 = Debug|Any CPU
		{9251FA96-F118-4578-92A9-EBD667CE3978}.Debug|x64.ActiveCfg = Debug|Any CPU
		{9251FA96-F118-4578-92A9-EBD667CE3978}.Debug|x64.Build.0 = Debug|Any CPU
		{9251FA96-F118-4578-92A9-EBD667CE3978}.Debug|x86.ActiveCfg = Debug|Any CPU
		{9251FA96-F118-4578-92A9-EBD667CE3978}.Debug|x86.Build.0 = Debug|Any CPU
		{9251FA96-F118-4578-92A9-EBD667CE3978}.Release|Any CPU.ActiveCfg = Release|Any CPU
		{9251FA96-F118-4578-92A9-EBD667CE3978}.Release|Any CPU.Build.0 = Release|Any CPU
		{9251FA96-F118-4578-92A9-EBD667CE3978}.Release|x64.ActiveCfg = Release|Any CPU
		{9251FA96-F118-4578-92A9-EBD667CE3978}.Release|x64.Build.0 = Release|Any CPU
		{9251FA96-F118-4578-92A9-EBD667CE3978}.Release|x86.ActiveCfg = Release|Any CPU
		{9251FA96-F118-4578-92A9-EBD667CE3978}.Release|x86.Build.0 = Release|Any CPU
		{6542E318-AF5B-4D63-B5BA-242AA48085B9}.Debug|Any CPU.ActiveCfg = Debug|Any CPU
		{6542E318-AF5B-4D63-B5BA-242AA48085B9}.Debug|Any CPU.Build.0 = Debug|Any CPU
		{6542E318-AF5B-4D63-B5BA-242AA48085B9}.Debug|x64.ActiveCfg = Debug|Any CPU
		{6542E318-AF5B-4D63-B5BA-242AA48085B9}.Debug|x64.Build.0 = Debug|Any CPU
		{6542E318-AF5B-4D63-B5BA-242AA48085B9}.Debug|x86.ActiveCfg = Debug|Any CPU
		{6542E318-AF5B-4D63-B5BA-242AA48085B9}.Debug|x86.Build.0 = Debug|Any CPU
		{6542E318-AF5B-4D63-B5BA-242AA48085B9}.Release|Any CPU.ActiveCfg = Release|Any CPU
		{6542E318-AF5B-4D63-B5BA-242AA48085B9}.Release|Any CPU.Build.0 = Release|Any CPU
		{6542E318-AF5B-4D63-B5BA-242AA48085B9}.Release|x64.ActiveCfg = Release|Any CPU
		{6542E318-AF5B-4D63-B5BA-242AA48085B9}.Release|x64.Build.0 = Release|Any CPU
		{6542E318-AF5B-4D63-B5BA-242AA48085B9}.Release|x86.ActiveCfg = Release|Any CPU
		{6542E318-AF5B-4D63-B5BA-242AA48085B9}.Release|x86.Build.0 = Release|Any CPU
	EndGlobalSection
	GlobalSection(SolutionProperties) = preSolution
		HideSolutionNode = FALSE
	EndGlobalSection
	GlobalSection(NestedProjects) = preSolution
		{78028C98-0220-4814-9A85-89901B8A1048} = {809F86A1-1C4C-B159-0CD4-DF9D33D876CE}
		{070EFFBA-F6B9-4A54-837A-2FA113C3B1A5} = {809F86A1-1C4C-B159-0CD4-DF9D33D876CE}
		{3F857491-5BC5-43DF-9532-1801189BDA80} = {809F86A1-1C4C-B159-0CD4-DF9D33D876CE}
		{87DE10ED-682F-4DD4-A95E-17D5BACAFB07} = {0AB3BF05-4346-4AA6-1389-037BE0695223}
		{9BADB398-949B-4D25-BF97-4A629F0D8EC9} = {0AB3BF05-4346-4AA6-1389-037BE0695223}
		{B7230B40-AE25-435A-87F6-0472826B0C70} = {5D20AA90-6969-D8BD-9DCD-8634F4692FDA}
		{638D92D5-351E-443C-B9B0-4FC2E8F86702} = {809F86A1-1C4C-B159-0CD4-DF9D33D876CE}
		{C4D77769-EEC3-429D-B9B3-0C3B6B32FAA5} = {809F86A1-1C4C-B159-0CD4-DF9D33D876CE}
		{596A87F7-4BD9-42A7-9C20-2FD1CF9676CA} = {5D20AA90-6969-D8BD-9DCD-8634F4692FDA}
		{384D1962-D3F9-4E26-8FCB-4D25B09CB7FC} = {809F86A1-1C4C-B159-0CD4-DF9D33D876CE}
		{30610777-9335-4A4C-8514-09398E57C6BD} = {809F86A1-1C4C-B159-0CD4-DF9D33D876CE}
		{7D3D8D5D-5F8C-45FD-AA6C-DC4FC810DE42} = {5D20AA90-6969-D8BD-9DCD-8634F4692FDA}
		{15D7A915-DD11-40BF-811B-C97B2C963785} = {809F86A1-1C4C-B159-0CD4-DF9D33D876CE}
		{8E6AA215-43B1-4519-A554-A6642586E7A6} = {5D20AA90-6969-D8BD-9DCD-8634F4692FDA}
		{F2D7E877-38D6-8C91-7D90-99648DD298BA} = {809F86A1-1C4C-B159-0CD4-DF9D33D876CE}
		{42F19D46-1D9C-DE55-864B-477603E3CF94} = {F2D7E877-38D6-8C91-7D90-99648DD298BA}
		{0E24173B-D328-4721-B0C7-D6058E10AB9E} = {42F19D46-1D9C-DE55-864B-477603E3CF94}
		{E2648928-28DE-6B24-129A-26A0E8B5B70E} = {809F86A1-1C4C-B159-0CD4-DF9D33D876CE}
		{26E1EE2F-D04D-40C2-80A3-BB0D1D444A6D} = {E2648928-28DE-6B24-129A-26A0E8B5B70E}
		{D0BF4C70-B346-47C5-96C2-AED0039F0976} = {E2648928-28DE-6B24-129A-26A0E8B5B70E}
		{E1AD5351-181A-4EEC-B1F6-BF1643E5A1FA} = {E2648928-28DE-6B24-129A-26A0E8B5B70E}
		{9251FA96-F118-4578-92A9-EBD667CE3978} = {0AB3BF05-4346-4AA6-1389-037BE0695223}
		{6542E318-AF5B-4D63-B5BA-242AA48085B9} = {809F86A1-1C4C-B159-0CD4-DF9D33D876CE}
	EndGlobalSection
EndGlobal
