<Solution>
  <Folder Name="/libs/">
    <Project Path="../src/Microsoft.Bot.Core.Compat/Microsoft.Bot.Core.Compat.csproj" />
    <Project Path="../src/Microsoft.Teams.Bot.Core/Microsoft.Teams.Bot.Core.csproj" />
    <Project Path="../src/Microsoft.Teams.BotApps/Microsoft.Teams.BotApps.csproj" />
  </Folder>
  <Folder Name="/Solution Items/">
    <File Path="../.runsettings" />
  </Folder>
  <Project Path="Microsoft.Teams.Bot.Core.Tests/Microsoft.Teams.Bot.Core.Tests.csproj" />
</Solution>
